// !$*UTF8*$!
{
	archiveVersion = 1;
	classes = {
	};
	objectVersion = 56;
	objects = {

/* Begin PBXBuildFile section */
		D90635BD29B0E97A00FAFE6B /* ToDoApp.swift in Sources */ = {isa = PBXBuildFile; fileRef = D90635BC29B0E97A00FAFE6B /* ToDoApp.swift */; };
		D90635C129B0E97B00FAFE6B /* Assets.xcassets in Resources */ = {isa = PBXBuildFile; fileRef = D90635C029B0E97B00FAFE6B /* Assets.xcassets */; };
		D90635C429B0E97B00FAFE6B /* Preview Assets.xcassets in Resources */ = {isa = PBXBuildFile; fileRef = D90635C329B0E97B00FAFE6B /* Preview Assets.xcassets */; };
		D90635C629B0E97B00FAFE6B /* Persistence.swift in Sources */ = {isa = PBXBuildFile; fileRef = D90635C529B0E97B00FAFE6B /* Persistence.swift */; };
		D90635C929B0E97B00FAFE6B /* ToDo.xcdatamodeld in Sources */ = {isa = PBXBuildFile; fileRef = D90635C729B0E97B00FAFE6B /* ToDo.xcdatamodeld */; };
		D90635D329B0E97B00FAFE6B /* ToDoTests.swift in Sources */ = {isa = PBXBuildFile; fileRef = D90635D229B0E97B00FAFE6B /* ToDoTests.swift */; };
		D90635DD29B0E97B00FAFE6B /* ToDoUITests.swift in Sources */ = {isa = PBXBuildFile; fileRef = D90635DC29B0E97B00FAFE6B /* ToDoUITests.swift */; };
		D90635DF29B0E97B00FAFE6B /* ToDoUITestsLaunchTests.swift in Sources */ = {isa = PBXBuildFile; fileRef = D90635DE29B0E97B00FAFE6B /* ToDoUITestsLaunchTests.swift */; };
		D90635F129B0EA3500FAFE6B /* NotificationManager.swift in Sources */ = {isa = PBXBuildFile; fileRef = D90635F029B0EA3500FAFE6B /* NotificationManager.swift */; };
		D90635F329B0EA4800FAFE6B /* NotificationHelper.swift in Sources */ = {isa = PBXBuildFile; fileRef = D90635F229B0EA4800FAFE6B /* NotificationHelper.swift */; };
		D90635F529B0EA6B00FAFE6B /* StatusType.swift in Sources */ = {isa = PBXBuildFile; fileRef = D90635F429B0EA6B00FAFE6B /* StatusType.swift */; };
		D90635F729B0EA8300FAFE6B /* ListTaskView.swift in Sources */ = {isa = PBXBuildFile; fileRef = D90635F629B0EA8300FAFE6B /* ListTaskView.swift */; };
		D90635F929B0EAAB00FAFE6B /* MissionViewModel.swift in Sources */ = {isa = PBXBuildFile; fileRef = D90635F829B0EAAB00FAFE6B /* MissionViewModel.swift */; };
		D90635FB29B0EC1300FAFE6B /* DetailView.swift in Sources */ = {isa = PBXBuildFile; fileRef = D90635FA29B0EC1300FAFE6B /* DetailView.swift */; };
		D90635FD29B0EC3400FAFE6B /* DetailViewModel.swift in Sources */ = {isa = PBXBuildFile; fileRef = D90635FC29B0EC3400FAFE6B /* DetailViewModel.swift */; };
		D90635FF29B0EEC200FAFE6B /* AddView.swift in Sources */ = {isa = PBXBuildFile; fileRef = D90635FE29B0EEC200FAFE6B /* AddView.swift */; };
		D906360129B0EEF300FAFE6B /* AddViewModel.swift in Sources */ = {isa = PBXBuildFile; fileRef = D906360029B0EEF300FAFE6B /* AddViewModel.swift */; };
		D906360529B0F16800FAFE6B /* TaskRepository.swift in Sources */ = {isa = PBXBuildFile; fileRef = D906360329B0F0DA00FAFE6B /* TaskRepository.swift */; };
		D906360729B0F6B600FAFE6B /* EditView.swift in Sources */ = {isa = PBXBuildFile; fileRef = D906360629B0F6B500FAFE6B /* EditView.swift */; };
		D906360929B0F7EF00FAFE6B /* DateExtension.swift in Sources */ = {isa = PBXBuildFile; fileRef = D906360829B0F7EF00FAFE6B /* DateExtension.swift */; };
		D906360F29B0F9DB00FAFE6B /* EditViewModel.swift in Sources */ = {isa = PBXBuildFile; fileRef = D906360E29B0F9DB00FAFE6B /* EditViewModel.swift */; };
		D906361129B1E3F000FAFE6B /* ToDoTask+CoreDataProperties.swift in Sources */ = {isa = PBXBuildFile; fileRef = D906361029B1E3F000FAFE6B /* ToDoTask+CoreDataProperties.swift */; };
		D906361329B1E43F00FAFE6B /* ToDoTask+CoreDataClass.swift in Sources */ = {isa = PBXBuildFile; fileRef = D906361229B1E43F00FAFE6B /* ToDoTask+CoreDataClass.swift */; };
		D906361529B1E5CC00FAFE6B /* ColorExtension.swift in Sources */ = {isa = PBXBuildFile; fileRef = D906361429B1E5CC00FAFE6B /* ColorExtension.swift */; };
		D906361729B206DD00FAFE6B /* AddViewModelTests.swift in Sources */ = {isa = PBXBuildFile; fileRef = D906361629B206DD00FAFE6B /* AddViewModelTests.swift */; };
		D91849772B9208F5004B7E32 /* Task.swift in Sources */ = {isa = PBXBuildFile; fileRef = D91849762B9208F4004B7E32 /* Task.swift */; };
		D91849962B923421004B7E32 /* FilterSelectionView.swift in Sources */ = {isa = PBXBuildFile; fileRef = D91849952B923421004B7E32 /* FilterSelectionView.swift */; };
		D91849982B92353E004B7E32 /* ListView.swift in Sources */ = {isa = PBXBuildFile; fileRef = D91849972B92353E004B7E32 /* ListView.swift */; };
/* End PBXBuildFile section */

/* Begin PBXContainerItemProxy section */
		D90635CF29B0E97B00FAFE6B /* PBXContainerItemProxy */ = {
			isa = PBXContainerItemProxy;
			containerPortal = D90635B129B0E97A00FAFE6B /* Project object */;
			proxyType = 1;
			remoteGlobalIDString = D90635B829B0E97A00FAFE6B;
			remoteInfo = ToDo;
		};
		D90635D929B0E97B00FAFE6B /* PBXContainerItemProxy */ = {
			isa = PBXContainerItemProxy;
			containerPortal = D90635B129B0E97A00FAFE6B /* Project object */;
			proxyType = 1;
			remoteGlobalIDString = D90635B829B0E97A00FAFE6B;
			remoteInfo = ToDo;
		};
/* End PBXContainerItemProxy section */

/* Begin PBXFileReference section */
		D90635B929B0E97A00FAFE6B /* ToDo.app */ = {isa = PBXFileReference; explicitFileType = wrapper.application; includeInIndex = 0; path = ToDo.app; sourceTree = BUILT_PRODUCTS_DIR; };
		D90635BC29B0E97A00FAFE6B /* ToDoApp.swift */ = {isa = PBXFileReference; lastKnownFileType = sourcecode.swift; path = ToDoApp.swift; sourceTree = "<group>"; };
		D90635C029B0E97B00FAFE6B /* Assets.xcassets */ = {isa = PBXFileReference; lastKnownFileType = folder.assetcatalog; path = Assets.xcassets; sourceTree = "<group>"; };
		D90635C329B0E97B00FAFE6B /* Preview Assets.xcassets */ = {isa = PBXFileReference; lastKnownFileType = folder.assetcatalog; path = "Preview Assets.xcassets"; sourceTree = "<group>"; };
		D90635C529B0E97B00FAFE6B /* Persistence.swift */ = {isa = PBXFileReference; lastKnownFileType = sourcecode.swift; path = Persistence.swift; sourceTree = "<group>"; };
		D90635C829B0E97B00FAFE6B /* ToDo.xcdatamodel */ = {isa = PBXFileReference; lastKnownFileType = wrapper.xcdatamodel; path = ToDo.xcdatamodel; sourceTree = "<group>"; };
		D90635CE29B0E97B00FAFE6B /* ToDoTests.xctest */ = {isa = PBXFileReference; explicitFileType = wrapper.cfbundle; includeInIndex = 0; path = ToDoTests.xctest; sourceTree = BUILT_PRODUCTS_DIR; };
		D90635D229B0E97B00FAFE6B /* ToDoTests.swift */ = {isa = PBXFileReference; lastKnownFileType = sourcecode.swift; path = ToDoTests.swift; sourceTree = "<group>"; };
		D90635D829B0E97B00FAFE6B /* ToDoUITests.xctest */ = {isa = PBXFileReference; explicitFileType = wrapper.cfbundle; includeInIndex = 0; path = ToDoUITests.xctest; sourceTree = BUILT_PRODUCTS_DIR; };
		D90635DC29B0E97B00FAFE6B /* ToDoUITests.swift */ = {isa = PBXFileReference; lastKnownFileType = sourcecode.swift; path = ToDoUITests.swift; sourceTree = "<group>"; };
		D90635DE29B0E97B00FAFE6B /* ToDoUITestsLaunchTests.swift */ = {isa = PBXFileReference; lastKnownFileType = sourcecode.swift; path = ToDoUITestsLaunchTests.swift; sourceTree = "<group>"; };
		D90635F029B0EA3500FAFE6B /* NotificationManager.swift */ = {isa = PBXFileReference; lastKnownFileType = sourcecode.swift; path = NotificationManager.swift; sourceTree = "<group>"; };
		D90635F229B0EA4800FAFE6B /* NotificationHelper.swift */ = {isa = PBXFileReference; lastKnownFileType = sourcecode.swift; path = NotificationHelper.swift; sourceTree = "<group>"; };
		D90635F429B0EA6B00FAFE6B /* StatusType.swift */ = {isa = PBXFileReference; lastKnownFileType = sourcecode.swift; path = StatusType.swift; sourceTree = "<group>"; };
		D90635F629B0EA8300FAFE6B /* ListTaskView.swift */ = {isa = PBXFileReference; lastKnownFileType = sourcecode.swift; path = ListTaskView.swift; sourceTree = "<group>"; };
		D90635F829B0EAAB00FAFE6B /* MissionViewModel.swift */ = {isa = PBXFileReference; lastKnownFileType = sourcecode.swift; path = MissionViewModel.swift; sourceTree = "<group>"; };
		D90635FA29B0EC1300FAFE6B /* DetailView.swift */ = {isa = PBXFileReference; lastKnownFileType = sourcecode.swift; path = DetailView.swift; sourceTree = "<group>"; };
		D90635FC29B0EC3400FAFE6B /* DetailViewModel.swift */ = {isa = PBXFileReference; lastKnownFileType = sourcecode.swift; path = DetailViewModel.swift; sourceTree = "<group>"; };
		D90635FE29B0EEC200FAFE6B /* AddView.swift */ = {isa = PBXFileReference; lastKnownFileType = sourcecode.swift; path = AddView.swift; sourceTree = "<group>"; };
		D906360029B0EEF300FAFE6B /* AddViewModel.swift */ = {isa = PBXFileReference; lastKnownFileType = sourcecode.swift; path = AddViewModel.swift; sourceTree = "<group>"; };
		D906360329B0F0DA00FAFE6B /* TaskRepository.swift */ = {isa = PBXFileReference; lastKnownFileType = sourcecode.swift; path = TaskRepository.swift; sourceTree = "<group>"; };
		D906360629B0F6B500FAFE6B /* EditView.swift */ = {isa = PBXFileReference; lastKnownFileType = sourcecode.swift; path = EditView.swift; sourceTree = "<group>"; };
		D906360829B0F7EF00FAFE6B /* DateExtension.swift */ = {isa = PBXFileReference; lastKnownFileType = sourcecode.swift; path = DateExtension.swift; sourceTree = "<group>"; };
		D906360E29B0F9DB00FAFE6B /* EditViewModel.swift */ = {isa = PBXFileReference; lastKnownFileType = sourcecode.swift; path = EditViewModel.swift; sourceTree = "<group>"; };
		D906361029B1E3F000FAFE6B /* ToDoTask+CoreDataProperties.swift */ = {isa = PBXFileReference; lastKnownFileType = sourcecode.swift; path = "ToDoTask+CoreDataProperties.swift"; sourceTree = "<group>"; };
		D906361229B1E43F00FAFE6B /* ToDoTask+CoreDataClass.swift */ = {isa = PBXFileReference; lastKnownFileType = sourcecode.swift; path = "ToDoTask+CoreDataClass.swift"; sourceTree = "<group>"; };
		D906361429B1E5CC00FAFE6B /* ColorExtension.swift */ = {isa = PBXFileReference; lastKnownFileType = sourcecode.swift; path = ColorExtension.swift; sourceTree = "<group>"; };
		D906361629B206DD00FAFE6B /* AddViewModelTests.swift */ = {isa = PBXFileReference; lastKnownFileType = sourcecode.swift; path = AddViewModelTests.swift; sourceTree = "<group>"; };
		D91849762B9208F4004B7E32 /* Task.swift */ = {isa = PBXFileReference; lastKnownFileType = sourcecode.swift; path = Task.swift; sourceTree = "<group>"; };
		D91849952B923421004B7E32 /* FilterSelectionView.swift */ = {isa = PBXFileReference; lastKnownFileType = sourcecode.swift; path = FilterSelectionView.swift; sourceTree = "<group>"; };
		D91849972B92353E004B7E32 /* ListView.swift */ = {isa = PBXFileReference; lastKnownFileType = sourcecode.swift; path = ListView.swift; sourceTree = "<group>"; };
/* End PBXFileReference section */

/* Begin PBXFrameworksBuildPhase section */
		D90635B629B0E97A00FAFE6B /* Frameworks */ = {
			isa = PBXFrameworksBuildPhase;
			buildActionMask = 2147483647;
			files = (
			);
			runOnlyForDeploymentPostprocessing = 0;
		};
		D90635CB29B0E97B00FAFE6B /* Frameworks */ = {
			isa = PBXFrameworksBuildPhase;
			buildActionMask = 2147483647;
			files = (
			);
			runOnlyForDeploymentPostprocessing = 0;
		};
		D90635D529B0E97B00FAFE6B /* Frameworks */ = {
			isa = PBXFrameworksBuildPhase;
			buildActionMask = 2147483647;
			files = (
			);
			runOnlyForDeploymentPostprocessing = 0;
		};
/* End PBXFrameworksBuildPhase section */

/* Begin PBXGroup section */
		D90635B029B0E97A00FAFE6B = {
			isa = PBXGroup;
			children = (
				D906361229B1E43F00FAFE6B /* ToDoTask+CoreDataClass.swift */,
				D906361029B1E3F000FAFE6B /* ToDoTask+CoreDataProperties.swift */,
				D90635BB29B0E97A00FAFE6B /* ToDo */,
				D90635D129B0E97B00FAFE6B /* ToDoTests */,
				D90635DB29B0E97B00FAFE6B /* ToDoUITests */,
				D90635BA29B0E97A00FAFE6B /* Products */,
			);
			sourceTree = "<group>";
		};
		D90635BA29B0E97A00FAFE6B /* Products */ = {
			isa = PBXGroup;
			children = (
				D90635B929B0E97A00FAFE6B /* ToDo.app */,
				D90635CE29B0E97B00FAFE6B /* ToDoTests.xctest */,
				D90635D829B0E97B00FAFE6B /* ToDoUITests.xctest */,
			);
			name = Products;
			sourceTree = "<group>";
		};
		D90635BB29B0E97A00FAFE6B /* ToDo */ = {
			isa = PBXGroup;
			children = (
				D90635BC29B0E97A00FAFE6B /* ToDoApp.swift */,
				D90635ED29B0E9A700FAFE6B /* Notification */,
				D90635EF29B0E9B000FAFE6B /* Model */,
				D90635EB29B0E99F00FAFE6B /* View */,
				D90635EC29B0E9A300FAFE6B /* ViewModel */,
				D906360229B0F0C200FAFE6B /* Repository */,
				D90635EE29B0E9AC00FAFE6B /* Extensions */,
				D90635C029B0E97B00FAFE6B /* Assets.xcassets */,
				D90635C529B0E97B00FAFE6B /* Persistence.swift */,
				D90635C729B0E97B00FAFE6B /* ToDo.xcdatamodeld */,
				D90635C229B0E97B00FAFE6B /* Preview Content */,
			);
			path = ToDo;
			sourceTree = "<group>";
		};
		D90635C229B0E97B00FAFE6B /* Preview Content */ = {
			isa = PBXGroup;
			children = (
				D90635C329B0E97B00FAFE6B /* Preview Assets.xcassets */,
			);
			path = "Preview Content";
			sourceTree = "<group>";
		};
		D90635D129B0E97B00FAFE6B /* ToDoTests */ = {
			isa = PBXGroup;
			children = (
				D90635D229B0E97B00FAFE6B /* ToDoTests.swift */,
				D906361629B206DD00FAFE6B /* AddViewModelTests.swift */,
			);
			path = ToDoTests;
			sourceTree = "<group>";
		};
		D90635DB29B0E97B00FAFE6B /* ToDoUITests */ = {
			isa = PBXGroup;
			children = (
				D90635DC29B0E97B00FAFE6B /* ToDoUITests.swift */,
				D90635DE29B0E97B00FAFE6B /* ToDoUITestsLaunchTests.swift */,
			);
			path = ToDoUITests;
			sourceTree = "<group>";
		};
		D90635EB29B0E99F00FAFE6B /* View */ = {
			isa = PBXGroup;
			children = (
				D91849942B923411004B7E32 /* Components */,
				D90635F629B0EA8300FAFE6B /* ListTaskView.swift */,
				D90635FA29B0EC1300FAFE6B /* DetailView.swift */,
				D90635FE29B0EEC200FAFE6B /* AddView.swift */,
				D906360629B0F6B500FAFE6B /* EditView.swift */,
			);
			path = View;
			sourceTree = "<group>";
		};
		D90635EC29B0E9A300FAFE6B /* ViewModel */ = {
			isa = PBXGroup;
			children = (
				D90635F829B0EAAB00FAFE6B /* MissionViewModel.swift */,
				D90635FC29B0EC3400FAFE6B /* DetailViewModel.swift */,
				D906360029B0EEF300FAFE6B /* AddViewModel.swift */,
				D906360E29B0F9DB00FAFE6B /* EditViewModel.swift */,
			);
			path = ViewModel;
			sourceTree = "<group>";
		};
		D90635ED29B0E9A700FAFE6B /* Notification */ = {
			isa = PBXGroup;
			children = (
				D90635F029B0EA3500FAFE6B /* NotificationManager.swift */,
				D90635F229B0EA4800FAFE6B /* NotificationHelper.swift */,
			);
			path = Notification;
			sourceTree = "<group>";
		};
		D90635EE29B0E9AC00FAFE6B /* Extensions */ = {
			isa = PBXGroup;
			children = (
				D906360829B0F7EF00FAFE6B /* DateExtension.swift */,
				D906361429B1E5CC00FAFE6B /* ColorExtension.swift */,
			);
			path = Extensions;
			sourceTree = "<group>";
		};
		D90635EF29B0E9B000FAFE6B /* Model */ = {
			isa = PBXGroup;
			children = (
				D90635F429B0EA6B00FAFE6B /* StatusType.swift */,
				D91849762B9208F4004B7E32 /* Task.swift */,
			);
			path = Model;
			sourceTree = "<group>";
		};
		D906360229B0F0C200FAFE6B /* Repository */ = {
			isa = PBXGroup;
			children = (
				D906360329B0F0DA00FAFE6B /* TaskRepository.swift */,
			);
			path = Repository;
			sourceTree = "<group>";
		};
		D91849942B923411004B7E32 /* Components */ = {
			isa = PBXGroup;
			children = (
				D91849952B923421004B7E32 /* FilterSelectionView.swift */,
				D91849972B92353E004B7E32 /* ListView.swift */,
			);
			path = Components;
			sourceTree = "<group>";
		};
/* End PBXGroup section */

/* Begin PBXNativeTarget section */
		D90635B829B0E97A00FAFE6B /* ToDo */ = {
			isa = PBXNativeTarget;
			buildConfigurationList = D90635E229B0E97B00FAFE6B /* Build configuration list for PBXNativeTarget "ToDo" */;
			buildPhases = (
				D90635B529B0E97A00FAFE6B /* Sources */,
				D90635B629B0E97A00FAFE6B /* Frameworks */,
				D90635B729B0E97A00FAFE6B /* Resources */,
			);
			buildRules = (
			);
			dependencies = (
			);
			name = ToDo;
			productName = ToDo;
			productReference = D90635B929B0E97A00FAFE6B /* ToDo.app */;
			productType = "com.apple.product-type.application";
		};
		D90635CD29B0E97B00FAFE6B /* ToDoTests */ = {
			isa = PBXNativeTarget;
			buildConfigurationList = D90635E529B0E97B00FAFE6B /* Build configuration list for PBXNativeTarget "ToDoTests" */;
			buildPhases = (
				D90635CA29B0E97B00FAFE6B /* Sources */,
				D90635CB29B0E97B00FAFE6B /* Frameworks */,
				D90635CC29B0E97B00FAFE6B /* Resources */,
			);
			buildRules = (
			);
			dependencies = (
				D90635D029B0E97B00FAFE6B /* PBXTargetDependency */,
			);
			name = ToDoTests;
			productName = ToDoTests;
			productReference = D90635CE29B0E97B00FAFE6B /* ToDoTests.xctest */;
			productType = "com.apple.product-type.bundle.unit-test";
		};
		D90635D729B0E97B00FAFE6B /* ToDoUITests */ = {
			isa = PBXNativeTarget;
			buildConfigurationList = D90635E829B0E97B00FAFE6B /* Build configuration list for PBXNativeTarget "ToDoUITests" */;
			buildPhases = (
				D90635D429B0E97B00FAFE6B /* Sources */,
				D90635D529B0E97B00FAFE6B /* Frameworks */,
				D90635D629B0E97B00FAFE6B /* Resources */,
			);
			buildRules = (
			);
			dependencies = (
				D90635DA29B0E97B00FAFE6B /* PBXTargetDependency */,
			);
			name = ToDoUITests;
			productName = ToDoUITests;
			productReference = D90635D829B0E97B00FAFE6B /* ToDoUITests.xctest */;
			productType = "com.apple.product-type.bundle.ui-testing";
		};
/* End PBXNativeTarget section */

/* Begin PBXProject section */
		D90635B129B0E97A00FAFE6B /* Project object */ = {
			isa = PBXProject;
			attributes = {
				BuildIndependentTargetsInParallel = 1;
				LastSwiftUpdateCheck = 1420;
				LastUpgradeCheck = 1520;
				TargetAttributes = {
					D90635B829B0E97A00FAFE6B = {
						CreatedOnToolsVersion = 14.2;
					};
					D90635CD29B0E97B00FAFE6B = {
						CreatedOnToolsVersion = 14.2;
						TestTargetID = D90635B829B0E97A00FAFE6B;
					};
					D90635D729B0E97B00FAFE6B = {
						CreatedOnToolsVersion = 14.2;
						TestTargetID = D90635B829B0E97A00FAFE6B;
					};
				};
			};
			buildConfigurationList = D90635B429B0E97A00FAFE6B /* Build configuration list for PBXProject "ToDo" */;
			compatibilityVersion = "Xcode 14.0";
			developmentRegion = en;
			hasScannedForEncodings = 0;
			knownRegions = (
				en,
				Base,
			);
			mainGroup = D90635B029B0E97A00FAFE6B;
			productRefGroup = D90635BA29B0E97A00FAFE6B /* Products */;
			projectDirPath = "";
			projectRoot = "";
			targets = (
				D90635B829B0E97A00FAFE6B /* ToDo */,
				D90635CD29B0E97B00FAFE6B /* ToDoTests */,
				D90635D729B0E97B00FAFE6B /* ToDoUITests */,
			);
		};
/* End PBXProject section */

/* Begin PBXResourcesBuildPhase section */
		D90635B729B0E97A00FAFE6B /* Resources */ = {
			isa = PBXResourcesBuildPhase;
			buildActionMask = 2147483647;
			files = (
				D90635C429B0E97B00FAFE6B /* Preview Assets.xcassets in Resources */,
				D90635C129B0E97B00FAFE6B /* Assets.xcassets in Resources */,
			);
			runOnlyForDeploymentPostprocessing = 0;
		};
		D90635CC29B0E97B00FAFE6B /* Resources */ = {
			isa = PBXResourcesBuildPhase;
			buildActionMask = 2147483647;
			files = (
			);
			runOnlyForDeploymentPostprocessing = 0;
		};
		D90635D629B0E97B00FAFE6B /* Resources */ = {
			isa = PBXResourcesBuildPhase;
			buildActionMask = 2147483647;
			files = (
			);
			runOnlyForDeploymentPostprocessing = 0;
		};
/* End PBXResourcesBuildPhase section */

/* Begin PBXSourcesBuildPhase section */
		D90635B529B0E97A00FAFE6B /* Sources */ = {
			isa = PBXSourcesBuildPhase;
			buildActionMask = 2147483647;
			files = (
				D906361129B1E3F000FAFE6B /* ToDoTask+CoreDataProperties.swift in Sources */,
				D90635F929B0EAAB00FAFE6B /* MissionViewModel.swift in Sources */,
				D90635F329B0EA4800FAFE6B /* NotificationHelper.swift in Sources */,
				D90635F729B0EA8300FAFE6B /* ListTaskView.swift in Sources */,
				D90635FB29B0EC1300FAFE6B /* DetailView.swift in Sources */,
				D90635C629B0E97B00FAFE6B /* Persistence.swift in Sources */,
				D906360529B0F16800FAFE6B /* TaskRepository.swift in Sources */,
				D90635F129B0EA3500FAFE6B /* NotificationManager.swift in Sources */,
				D91849982B92353E004B7E32 /* ListView.swift in Sources */,
				D91849962B923421004B7E32 /* FilterSelectionView.swift in Sources */,
				D906361329B1E43F00FAFE6B /* ToDoTask+CoreDataClass.swift in Sources */,
				D90635BD29B0E97A00FAFE6B /* ToDoApp.swift in Sources */,
				D906360929B0F7EF00FAFE6B /* DateExtension.swift in Sources */,
				D90635FF29B0EEC200FAFE6B /* AddView.swift in Sources */,
				D91849772B9208F5004B7E32 /* Task.swift in Sources */,
				D906360129B0EEF300FAFE6B /* AddViewModel.swift in Sources */,
				D906360729B0F6B600FAFE6B /* EditView.swift in Sources */,
				D90635F529B0EA6B00FAFE6B /* StatusType.swift in Sources */,
				D906360F29B0F9DB00FAFE6B /* EditViewModel.swift in Sources */,
				D90635FD29B0EC3400FAFE6B /* DetailViewModel.swift in Sources */,
				D90635C929B0E97B00FAFE6B /* ToDo.xcdatamodeld in Sources */,
				D906361529B1E5CC00FAFE6B /* ColorExtension.swift in Sources */,
			);
			runOnlyForDeploymentPostprocessing = 0;
		};
		D90635CA29B0E97B00FAFE6B /* Sources */ = {
			isa = PBXSourcesBuildPhase;
			buildActionMask = 2147483647;
			files = (
				D906361729B206DD00FAFE6B /* AddViewModelTests.swift in Sources */,
				D90635D329B0E97B00FAFE6B /* ToDoTests.swift in Sources */,
			);
			runOnlyForDeploymentPostprocessing = 0;
		};
		D90635D429B0E97B00FAFE6B /* Sources */ = {
			isa = PBXSourcesBuildPhase;
			buildActionMask = 2147483647;
			files = (
				D90635DF29B0E97B00FAFE6B /* ToDoUITestsLaunchTests.swift in Sources */,
				D90635DD29B0E97B00FAFE6B /* ToDoUITests.swift in Sources */,
			);
			runOnlyForDeploymentPostprocessing = 0;
		};
/* End PBXSourcesBuildPhase section */

/* Begin PBXTargetDependency section */
		D90635D029B0E97B00FAFE6B /* PBXTargetDependency */ = {
			isa = PBXTargetDependency;
			target = D90635B829B0E97A00FAFE6B /* ToDo */;
			targetProxy = D90635CF29B0E97B00FAFE6B /* PBXContainerItemProxy */;
		};
		D90635DA29B0E97B00FAFE6B /* PBXTargetDependency */ = {
			isa = PBXTargetDependency;
			target = D90635B829B0E97A00FAFE6B /* ToDo */;
			targetProxy = D90635D929B0E97B00FAFE6B /* PBXContainerItemProxy */;
		};
/* End PBXTargetDependency section */

/* Begin XCBuildConfiguration section */
		D90635E029B0E97B00FAFE6B /* Debug */ = {
			isa = XCBuildConfiguration;
			buildSettings = {
				ALWAYS_SEARCH_USER_PATHS = NO;
				CLANG_ANALYZER_NONNULL = YES;
				CLANG_ANALYZER_NUMBER_OBJECT_CONVERSION = YES_AGGRESSIVE;
				CLANG_CXX_LANGUAGE_STANDARD = "gnu++20";
				CLANG_ENABLE_MODULES = YES;
				CLANG_ENABLE_OBJC_ARC = YES;
				CLANG_ENABLE_OBJC_WEAK = YES;
				CLANG_WARN_BLOCK_CAPTURE_AUTORELEASING = YES;
				CLANG_WARN_BOOL_CONVERSION = YES;
				CLANG_WARN_COMMA = YES;
				CLANG_WARN_CONSTANT_CONVERSION = YES;
				CLANG_WARN_DEPRECATED_OBJC_IMPLEMENTATIONS = YES;
				CLANG_WARN_DIRECT_OBJC_ISA_USAGE = YES_ERROR;
				CLANG_WARN_DOCUMENTATION_COMMENTS = YES;
				CLANG_WARN_EMPTY_BODY = YES;
				CLANG_WARN_ENUM_CONVERSION = YES;
				CLANG_WARN_INFINITE_RECURSION = YES;
				CLANG_WARN_INT_CONVERSION = YES;
				CLANG_WARN_NON_LITERAL_NULL_CONVERSION = YES;
				CLANG_WARN_OBJC_IMPLICIT_RETAIN_SELF = YES;
				CLANG_WARN_OBJC_LITERAL_CONVERSION = YES;
				CLANG_WARN_OBJC_ROOT_CLASS = YES_ERROR;
				CLANG_WARN_QUOTED_INCLUDE_IN_FRAMEWORK_HEADER = YES;
				CLANG_WARN_RANGE_LOOP_ANALYSIS = YES;
				CLANG_WARN_STRICT_PROTOTYPES = YES;
				CLANG_WARN_SUSPICIOUS_MOVE = YES;
				CLANG_WARN_UNGUARDED_AVAILABILITY = YES_AGGRESSIVE;
				CLANG_WARN_UNREACHABLE_CODE = YES;
				CLANG_WARN__DUPLICATE_METHOD_MATCH = YES;
				COPY_PHASE_STRIP = NO;
				DEBUG_INFORMATION_FORMAT = dwarf;
				ENABLE_STRICT_OBJC_MSGSEND = YES;
				ENABLE_TESTABILITY = YES;
				ENABLE_USER_SCRIPT_SANDBOXING = YES;
				GCC_C_LANGUAGE_STANDARD = gnu11;
				GCC_DYNAMIC_NO_PIC = NO;
				GCC_NO_COMMON_BLOCKS = YES;
				GCC_OPTIMIZATION_LEVEL = 0;
				GCC_PREPROCESSOR_DEFINITIONS = (
					"DEBUG=1",
					"$(inherited)",
				);
				GCC_WARN_64_TO_32_BIT_CONVERSION = YES;
				GCC_WARN_ABOUT_RETURN_TYPE = YES_ERROR;
				GCC_WARN_UNDECLARED_SELECTOR = YES;
				GCC_WARN_UNINITIALIZED_AUTOS = YES_AGGRESSIVE;
				GCC_WARN_UNUSED_FUNCTION = YES;
				GCC_WARN_UNUSED_VARIABLE = YES;
				IPHONEOS_DEPLOYMENT_TARGET = 16.2;
				MTL_ENABLE_DEBUG_INFO = INCLUDE_SOURCE;
				MTL_FAST_MATH = YES;
				ONLY_ACTIVE_ARCH = YES;
				SDKROOT = iphoneos;
				SWIFT_ACTIVE_COMPILATION_CONDITIONS = DEBUG;
				SWIFT_OPTIMIZATION_LEVEL = "-Onone";
			};
			name = Debug;
		};
		D90635E129B0E97B00FAFE6B /* Release */ = {
			isa = XCBuildConfiguration;
			buildSettings = {
				ALWAYS_SEARCH_USER_PATHS = NO;
				CLANG_ANALYZER_NONNULL = YES;
				CLANG_ANALYZER_NUMBER_OBJECT_CONVERSION = YES_AGGRESSIVE;
				CLANG_CXX_LANGUAGE_STANDARD = "gnu++20";
				CLANG_ENABLE_MODULES = YES;
				CLANG_ENABLE_OBJC_ARC = YES;
				CLANG_ENABLE_OBJC_WEAK = YES;
				CLANG_WARN_BLOCK_CAPTURE_AUTORELEASING = YES;
				CLANG_WARN_BOOL_CONVERSION = YES;
				CLANG_WARN_COMMA = YES;
				CLANG_WARN_CONSTANT_CONVERSION = YES;
				CLANG_WARN_DEPRECATED_OBJC_IMPLEMENTATIONS = YES;
				CLANG_WARN_DIRECT_OBJC_ISA_USAGE = YES_ERROR;
				CLANG_WARN_DOCUMENTATION_COMMENTS = YES;
				CLANG_WARN_EMPTY_BODY = YES;
				CLANG_WARN_ENUM_CONVERSION = YES;
				CLANG_WARN_INFINITE_RECURSION = YES;
				CLANG_WARN_INT_CONVERSION = YES;
				CLANG_WARN_NON_LITERAL_NULL_CONVERSION = YES;
				CLANG_WARN_OBJC_IMPLICIT_RETAIN_SELF = YES;
				CLANG_WARN_OBJC_LITERAL_CONVERSION = YES;
				CLANG_WARN_OBJC_ROOT_CLASS = YES_ERROR;
				CLANG_WARN_QUOTED_INCLUDE_IN_FRAMEWORK_HEADER = YES;
				CLANG_WARN_RANGE_LOOP_ANALYSIS = YES;
				CLANG_WARN_STRICT_PROTOTYPES = YES;
				CLANG_WARN_SUSPICIOUS_MOVE = YES;
				CLANG_WARN_UNGUARDED_AVAILABILITY = YES_AGGRESSIVE;
				CLANG_WARN_UNREACHABLE_CODE = YES;
				CLANG_WARN__DUPLICATE_METHOD_MATCH = YES;
				COPY_PHASE_STRIP = NO;
				DEBUG_INFORMATION_FORMAT = "dwarf-with-dsym";
				ENABLE_NS_ASSERTIONS = NO;
				ENABLE_STRICT_OBJC_MSGSEND = YES;
				ENABLE_USER_SCRIPT_SANDBOXING = YES;
				GCC_C_LANGUAGE_STANDARD = gnu11;
				GCC_NO_COMMON_BLOCKS = YES;
				GCC_WARN_64_TO_32_BIT_CONVERSION = YES;
				GCC_WARN_ABOUT_RETURN_TYPE = YES_ERROR;
				GCC_WARN_UNDECLARED_SELECTOR = YES;
				GCC_WARN_UNINITIALIZED_AUTOS = YES_AGGRESSIVE;
				GCC_WARN_UNUSED_FUNCTION = YES;
				GCC_WARN_UNUSED_VARIABLE = YES;
				IPHONEOS_DEPLOYMENT_TARGET = 16.2;
				MTL_ENABLE_DEBUG_INFO = NO;
				MTL_FAST_MATH = YES;
				SDKROOT = iphoneos;
				SWIFT_COMPILATION_MODE = wholemodule;
				SWIFT_OPTIMIZATION_LEVEL = "-O";
				VALIDATE_PRODUCT = YES;
			};
			name = Release;
		};
		D90635E329B0E97B00FAFE6B /* Debug */ = {
			isa = XCBuildConfiguration;
			buildSettings = {
				ASSETCATALOG_COMPILER_APPICON_NAME = AppIcon;
				ASSETCATALOG_COMPILER_GLOBAL_ACCENT_COLOR_NAME = AccentColor;
				CODE_SIGN_STYLE = Automatic;
				CURRENT_PROJECT_VERSION = 1;
				DEVELOPMENT_ASSET_PATHS = "\"ToDo/Preview Content\"";
				DEVELOPMENT_TEAM = MG8DTPV84D;
				ENABLE_PREVIEWS = YES;
				GENERATE_INFOPLIST_FILE = YES;
				INFOPLIST_KEY_UIApplicationSceneManifest_Generation = YES;
				INFOPLIST_KEY_UIApplicationSupportsIndirectInputEvents = YES;
				INFOPLIST_KEY_UILaunchScreen_Generation = YES;
				INFOPLIST_KEY_UISupportedInterfaceOrientations_iPad = "UIInterfaceOrientationPortrait UIInterfaceOrientationPortraitUpsideDown UIInterfaceOrientationLandscapeLeft UIInterfaceOrientationLandscapeRight";
				INFOPLIST_KEY_UISupportedInterfaceOrientations_iPhone = "UIInterfaceOrientationPortrait UIInterfaceOrientationLandscapeLeft UIInterfaceOrientationLandscapeRight";
				LD_RUNPATH_SEARCH_PATHS = (
					"$(inherited)",
					"@executable_path/Frameworks",
				);
				MARKETING_VERSION = 1.0;
				PRODUCT_BUNDLE_IDENTIFIER = ThibaultGodefroy.ToDo;
				PRODUCT_NAME = "$(TARGET_NAME)";
				SWIFT_EMIT_LOC_STRINGS = YES;
				SWIFT_VERSION = 5.0;
				TARGETED_DEVICE_FAMILY = "1,2";
			};
			name = Debug;
		};
		D90635E429B0E97B00FAFE6B /* Release */ = {
			isa = XCBuildConfiguration;
			buildSettings = {
				ASSETCATALOG_COMPILER_APPICON_NAME = AppIcon;
				ASSETCATALOG_COMPILER_GLOBAL_ACCENT_COLOR_NAME = AccentColor;
				CODE_SIGN_STYLE = Automatic;
				CURRENT_PROJECT_VERSION = 1;
				DEVELOPMENT_ASSET_PATHS = "\"ToDo/Preview Content\"";
				DEVELOPMENT_TEAM = MG8DTPV84D;
				ENABLE_PREVIEWS = YES;
				GENERATE_INFOPLIST_FILE = YES;
				INFOPLIST_KEY_UIApplicationSceneManifest_Generation = YES;
				INFOPLIST_KEY_UIApplicationSupportsIndirectInputEvents = YES;
				INFOPLIST_KEY_UILaunchScreen_Generation = YES;
				INFOPLIST_KEY_UISupportedInterfaceOrientations_iPad = "UIInterfaceOrientationPortrait UIInterfaceOrientationPortraitUpsideDown UIInterfaceOrientationLandscapeLeft UIInterfaceOrientationLandscapeRight";
				INFOPLIST_KEY_UISupportedInterfaceOrientations_iPhone = "UIInterfaceOrientationPortrait UIInterfaceOrientationLandscapeLeft UIInterfaceOrientationLandscapeRight";
				LD_RUNPATH_SEARCH_PATHS = (
					"$(inherited)",
					"@executable_path/Frameworks",
				);
				MARKETING_VERSION = 1.0;
				PRODUCT_BUNDLE_IDENTIFIER = ThibaultGodefroy.ToDo;
				PRODUCT_NAME = "$(TARGET_NAME)";
				SWIFT_EMIT_LOC_STRINGS = YES;
				SWIFT_VERSION = 5.0;
				TARGETED_DEVICE_FAMILY = "1,2";
			};
			name = Release;
		};
		D90635E629B0E97B00FAFE6B /* Debug */ = {
			isa = XCBuildConfiguration;
			buildSettings = {
				ALWAYS_EMBED_SWIFT_STANDARD_LIBRARIES = YES;
				BUNDLE_LOADER = "$(TEST_HOST)";
				CODE_SIGN_STYLE = Automatic;
				CURRENT_PROJECT_VERSION = 1;
				DEVELOPMENT_TEAM = MG8DTPV84D;
				GENERATE_INFOPLIST_FILE = YES;
				IPHONEOS_DEPLOYMENT_TARGET = 16.2;
				MARKETING_VERSION = 1.0;
				PRODUCT_BUNDLE_IDENTIFIER = ThibaultGodefroy.ToDoTests;
				PRODUCT_NAME = "$(TARGET_NAME)";
				SWIFT_EMIT_LOC_STRINGS = NO;
				SWIFT_VERSION = 5.0;
				TARGETED_DEVICE_FAMILY = "1,2";
				TEST_HOST = "$(BUILT_PRODUCTS_DIR)/ToDo.app/$(BUNDLE_EXECUTABLE_FOLDER_PATH)/ToDo";
			};
			name = Debug;
		};
		D90635E729B0E97B00FAFE6B /* Release */ = {
			isa = XCBuildConfiguration;
			buildSettings = {
				ALWAYS_EMBED_SWIFT_STANDARD_LIBRARIES = YES;
				BUNDLE_LOADER = "$(TEST_HOST)";
				CODE_SIGN_STYLE = Automatic;
				CURRENT_PROJECT_VERSION = 1;
				DEVELOPMENT_TEAM = MG8DTPV84D;
				GENERATE_INFOPLIST_FILE = YES;
				IPHONEOS_DEPLOYMENT_TARGET = 16.2;
				MARKETING_VERSION = 1.0;
				PRODUCT_BUNDLE_IDENTIFIER = ThibaultGodefroy.ToDoTests;
				PRODUCT_NAME = "$(TARGET_NAME)";
				SWIFT_EMIT_LOC_STRINGS = NO;
				SWIFT_VERSION = 5.0;
				TARGETED_DEVICE_FAMILY = "1,2";
				TEST_HOST = "$(BUILT_PRODUCTS_DIR)/ToDo.app/$(BUNDLE_EXECUTABLE_FOLDER_PATH)/ToDo";
			};
			name = Release;
		};
		D90635E929B0E97B00FAFE6B /* Debug */ = {
			isa = XCBuildConfiguration;
			buildSettings = {
				ALWAYS_EMBED_SWIFT_STANDARD_LIBRARIES = YES;
				CODE_SIGN_STYLE = Automatic;
				CURRENT_PROJECT_VERSION = 1;
				DEVELOPMENT_TEAM = MG8DTPV84D;
				GENERATE_INFOPLIST_FILE = YES;
				MARKETING_VERSION = 1.0;
				PRODUCT_BUNDLE_IDENTIFIER = ThibaultGodefroy.ToDoUITests;
				PRODUCT_NAME = "$(TARGET_NAME)";
				SWIFT_EMIT_LOC_STRINGS = NO;
				SWIFT_VERSION = 5.0;
				TARGETED_DEVICE_FAMILY = "1,2";
				TEST_TARGET_NAME = ToDo;
			};
			name = Debug;
		};
		D90635EA29B0E97B00FAFE6B /* Release */ = {
			isa = XCBuildConfiguration;
			buildSettings = {
				ALWAYS_EMBED_SWIFT_STANDARD_LIBRARIES = YES;
				CODE_SIGN_STYLE = Automatic;
				CURRENT_PROJECT_VERSION = 1;
				DEVELOPMENT_TEAM = MG8DTPV84D;
				GENERATE_INFOPLIST_FILE = YES;
				MARKETING_VERSION = 1.0;
				PRODUCT_BUNDLE_IDENTIFIER = ThibaultGodefroy.ToDoUITests;
				PRODUCT_NAME = "$(TARGET_NAME)";
				SWIFT_EMIT_LOC_STRINGS = NO;
				SWIFT_VERSION = 5.0;
				TARGETED_DEVICE_FAMILY = "1,2";
				TEST_TARGET_NAME = ToDo;
			};
			name = Release;
		};
/* End XCBuildConfiguration section */

/* Begin XCConfigurationList section */
		D90635B429B0E97A00FAFE6B /* Build configuration list for PBXProject "ToDo" */ = {
			isa = XCConfigurationList;
			buildConfigurations = (
				D90635E029B0E97B00FAFE6B /* Debug */,
				D90635E129B0E97B00FAFE6B /* Release */,
			);
			defaultConfigurationIsVisible = 0;
			defaultConfigurationName = Release;
		};
		D90635E229B0E97B00FAFE6B /* Build configuration list for PBXNativeTarget "ToDo" */ = {
			isa = XCConfigurationList;
			buildConfigurations = (
				D90635E329B0E97B00FAFE6B /* Debug */,
				D90635E429B0E97B00FAFE6B /* Release */,
			);
			defaultConfigurationIsVisible = 0;
			defaultConfigurationName = Release;
		};
		D90635E529B0E97B00FAFE6B /* Build configuration list for PBXNativeTarget "ToDoTests" */ = {
			isa = XCConfigurationList;
			buildConfigurations = (
				D90635E629B0E97B00FAFE6B /* Debug */,
				D90635E729B0E97B00FAFE6B /* Release */,
			);
			defaultConfigurationIsVisible = 0;
			defaultConfigurationName = Release;
		};
		D90635E829B0E97B00FAFE6B /* Build configuration list for PBXNativeTarget "ToDoUITests" */ = {
			isa = XCConfigurationList;
			buildConfigurations = (
				D90635E929B0E97B00FAFE6B /* Debug */,
				D90635EA29B0E97B00FAFE6B /* Release */,
			);
			defaultConfigurationIsVisible = 0;
			defaultConfigurationName = Release;
		};
/* End XCConfigurationList section */

/* Begin XCVersionGroup section */
		D90635C729B0E97B00FAFE6B /* ToDo.xcdatamodeld */ = {
			isa = XCVersionGroup;
			children = (
				D90635C829B0E97B00FAFE6B /* ToDo.xcdatamodel */,
			);
			currentVersion = D90635C829B0E97B00FAFE6B /* ToDo.xcdatamodel */;
			path = ToDo.xcdatamodeld;
			sourceTree = "<group>";
			versionGroupType = wrapper.xcdatamodel;
		};
/* End XCVersionGroup section */
	};
	rootObject = D90635B129B0E97A00FAFE6B /* Project object */;
}
